{
  "name": "@tuan149002/tempora-pariatur-nisi",
  "version": "1.0.0",
  "lockfileVersion": 3,
  "requires": true,
  "packages": {
    "": {
      "name": "@tuan149002/tempora-pariatur-nisi",
      "version": "1.0.0",
      "license": "MIT",
      "dependencies": {
        "@tuan149002/dolor-iste-perspiciatis": "^1.0.0",
        "@tuan149002/eos-odit-distinctio": "^1.0.0",
        "@tuan149002/excepturi-ex-sed": "^1.0.0",
        "@tuan149002/expedita-nisi-ipsum": "^1.0.0",
        "@tuan149002/id-cum-ullam": "^1.0.0",
        "@tuan149002/magni-dolor-quos": "^1.0.0",
        "@tuan149002/maxime-repellendus-ullam": "^1.0.0",
        "@tuan149002/nam-deserunt-distinctio": "^1.0.0",
        "@tuan149002/natus-occaecati-vel": "^1.0.0",
        "@tuan149002/reprehenderit-possimus-esse": "^1.0.0"
      }
    },
    "node_modules/@tuan149002/dolor-iste-perspiciatis": {
      "version": "1.0.0",
      "resolved": "https://registry.npmjs.org/@tuan149002/dolor-iste-perspiciatis/-/dolor-iste-perspiciatis-1.0.0.tgz",
      "integrity": "sha512-FNnB1j6VqGVuZez9G/A9hV9HVJ//fA2cPQHkQNJYfpOhVFj2rsiKGGbf00833MqkJ+qUk4ssr74GVeRYHn5HfA==",
      "dependencies": {
        "@tuan149002/eos-odit-distinctio": "^1.0.0",
        "@tuan149002/excepturi-ex-sed": "^1.0.0",
        "@tuan149002/expedita-nisi-ipsum": "^1.0.0",
        "@tuan149002/id-cum-ullam": "^1.0.0",
        "@tuan149002/magni-dolor-quos": "^1.0.0",
        "@tuan149002/maxime-repellendus-ullam": "^1.0.0",
        "@tuan149002/nam-deserunt-distinctio": "^1.0.0",
        "@tuan149002/natus-occaecati-vel": "^1.0.0",
        "@tuan149002/reprehenderit-possimus-esse": "^1.0.0"
      }
    },
    "node_modules/@tuan149002/eos-odit-distinctio": {
      "version": "1.0.0",
      "resolved": "https://registry.npmjs.org/@tuan149002/eos-odit-distinctio/-/eos-odit-distinctio-1.0.0.tgz",
      "integrity": "sha512-cDJNUel56EIr04fc8IH56w5sUNDZu7IILNMzxk8gXzc/Ewf86BeHim/0uexYcLSZ0PHPOA+gKHPcEw67GpVOBA==",
      "dependencies": {
        "@tuan149002/excepturi-ex-sed": "^1.0.0",
        "@tuan149002/expedita-nisi-ipsum": "^1.0.0",
        "@tuan149002/natus-occaecati-vel": "^1.0.0",
        "@tuan149002/reprehenderit-possimus-esse": "^1.0.0"
      }
    },
    "node_modules/@tuan149002/excepturi-ex-sed": {
      "version": "1.0.0",
      "resolved": "https://registry.npmjs.org/@tuan149002/excepturi-ex-sed/-/excepturi-ex-sed-1.0.0.tgz",
      "integrity": "sha512-4QFcrDcYwV5Z8wU7ywdRI2MiixUQYx8EjmTa3aR83kiIv+9Wv9cSDEYfyjnwIhrpNoHaseM1QJ/wrMZh9X1/yg==",
      "dependencies": {
        "@tuan149002/expedita-nisi-ipsum": "^1.0.0",
        "@tuan149002/reprehenderit-possimus-esse": "^1.0.0"
      }
    },
    "node_modules/@tuan149002/expedita-nisi-ipsum": {
      "version": "1.0.0",
      "resolved": "https://registry.npmjs.org/@tuan149002/expedita-nisi-ipsum/-/expedita-nisi-ipsum-1.0.0.tgz",
      "integrity": "sha512-CL/4FOJjD5mHOq5+RXlcMv5n4TmklPI/vAAvVhQo1RCIh8TGj2bsqYwsR5LoYlsQL7jSwgJc5iaG2jY6qqYJrQ==",
      "dependencies": {
        "@tuan149002/reprehenderit-possimus-esse": "^1.0.0"
      }
    },
    "node_modules/@tuan149002/id-cum-ullam": {
      "version": "1.0.0",
      "resolved": "https://registry.npmjs.org/@tuan149002/id-cum-ullam/-/id-cum-ullam-1.0.0.tgz",
      "integrity": "sha512-MNCpMwlEpRrEof41ibQ7oRWIyYxqkShIBDUJXTwTLsArwykuWQ3bdcxnd/fVJxGYpJ0O4s9xcdUsRj/Fez2gMA==",
      "dependencies": {
        "@tuan149002/eos-odit-distinctio": "^1.0.0",
        "@tuan149002/excepturi-ex-sed": "^1.0.0",
        "@tuan149002/expedita-nisi-ipsum": "^1.0.0",
        "@tuan149002/maxime-repellendus-ullam": "^1.0.0",
        "@tuan149002/natus-occaecati-vel": "^1.0.0",
        "@tuan149002/reprehenderit-possimus-esse": "^1.0.0"
      }
    },
    "node_modules/@tuan149002/magni-dolor-quos": {
      "version": "1.0.0",
      "resolved": "https://registry.npmjs.org/@tuan149002/magni-dolor-quos/-/magni-dolor-quos-1.0.0.tgz",
      "integrity": "sha512-FEn6nOBcqv7U2SqYYHfhwFBssVlxcNS7FSpZZ3xMMocfhMPSDEMh2MFAIkvlWssnd+7p6ghmIe8CraYaoBDJQQ==",
      "dependencies": {
        "@tuan149002/eos-odit-distinctio": "^1.0.0",
        "@tuan149002/excepturi-ex-sed": "^1.0.0",
        "@tuan149002/expedita-nisi-ipsum": "^1.0.0",
        "@tuan149002/id-cum-ullam": "^1.0.0",
        "@tuan149002/maxime-repellendus-ullam": "^1.0.0",
        "@tuan149002/nam-deserunt-distinctio": "^1.0.0",
        "@tuan149002/natus-occaecati-vel": "^1.0.0",
        "@tuan149002/reprehenderit-possimus-esse": "^1.0.0"
      }
    },
    "node_modules/@tuan149002/maxime-repellendus-ullam": {
      "version": "1.0.0",
      "resolved": "https://registry.npmjs.org/@tuan149002/maxime-repellendus-ullam/-/maxime-repellendus-ullam-1.0.0.tgz",
      "integrity": "sha512-wsgJNay+wZ1VQYcdfGcoF4L/pbiwwRym+NUN/Eln+Q1Kj9EGAuztORzOwbTfzj1eYfj41X4b4bkl8Lmsm1PwZw==",
      "dependencies": {
        "@tuan149002/eos-odit-distinctio": "^1.0.0",
        "@tuan149002/excepturi-ex-sed": "^1.0.0",
        "@tuan149002/expedita-nisi-ipsum": "^1.0.0",
        "@tuan149002/natus-occaecati-vel": "^1.0.0",
        "@tuan149002/reprehenderit-possimus-esse": "^1.0.0"
      }
    },
    "node_modules/@tuan149002/nam-deserunt-distinctio": {
      "version": "1.0.0",
      "resolved": "https://registry.npmjs.org/@tuan149002/nam-deserunt-distinctio/-/nam-deserunt-distinctio-1.0.0.tgz",
      "integrity": "sha512-kx5ot1BhZQyOIUBHTAgeotzRME5aSeh0JVmlMRjlVCRfFDguU2A3fbS1lHUlWJx2Rcae1hW8PrDqol7W5MQXYQ==",
      "dependencies": {
        "@tuan149002/eos-odit-distinctio": "^1.0.0",
        "@tuan149002/excepturi-ex-sed": "^1.0.0",
        "@tuan149002/expedita-nisi-ipsum": "^1.0.0",
        "@tuan149002/id-cum-ullam": "^1.0.0",
        "@tuan149002/maxime-repellendus-ullam": "^1.0.0",
        "@tuan149002/natus-occaecati-vel": "^1.0.0",
        "@tuan149002/reprehenderit-possimus-esse": "^1.0.0"
      }
    },
    "node_modules/@tuan149002/natus-occaecati-vel": {
      "version": "1.0.0",
      "resolved": "https://registry.npmjs.org/@tuan149002/natus-occaecati-vel/-/natus-occaecati-vel-1.0.0.tgz",
      "integrity": "sha512-hYNiz/vYQ3Ud1CiLoa+UmreI9JmAGvcJAh+Cf0wfNMTCR30AfY9KXW8PgCCu+L+uTobtFexmp1f4Vzor7tGKDg==",
      "dependencies": {
        "@tuan149002/excepturi-ex-sed": "^1.0.0",
        "@tuan149002/expedita-nisi-ipsum": "^1.0.0",
        "@tuan149002/reprehenderit-possimus-esse": "^1.0.0"
      }
    },
    "node_modules/@tuan149002/reprehenderit-possimus-esse": {
      "version": "1.0.0",
      "resolved": "https://registry.npmjs.org/@tuan149002/reprehenderit-possimus-esse/-/reprehenderit-possimus-esse-1.0.0.tgz",
      "integrity": "sha512-RMedM0ZlUKl2wYS13ULIDWR9FOh4tiowA/08PsHZrC+wn8s0djueRYo/jzTqsXhK3WGr1P4qmkC556rR9oyhEA=="
    }
  }
}
